<?xml version="1.0" encoding="utf-8"?>
<Project ToolsVersion="4.0" xmlns="http://schemas.microsoft.com/developer/msbuild/2003">
  <ItemGroup>
    <Filter Include="Fichiers sources">
      <UniqueIdentifier>{4FC737F1-C7A5-4376-A066-2A32D752A2FF}</UniqueIdentifier>
      <Extensions>cpp;c;cc;cxx;def;odl;idl;hpj;bat;asm;asmx</Extensions>
    </Filter>
    <Filter Include="Fichiers d%27en-tête">
      <UniqueIdentifier>{93995380-89BD-4b04-88EB-625FBE52EBFB}</UniqueIdentifier>
      <Extensions>h;hh;hpp;hxx;hm;inl;inc;ipp;xsd</Extensions>
    </Filter>
    <Filter Include="Fichiers de ressources">
      <UniqueIdentifier>{67DA6AB6-F800-4c08-8B7A-83BB121AAD01}</UniqueIdentifier>
      <Extensions>rc;ico;cur;bmp;dlg;rc2;rct;bin;rgs;gif;jpg;jpeg;jpe;resx;tiff;tif;png;wav;mfcribbon-ms</Extensions>
    </Filter>
    <Filter Include="Fichiers d%27en-tête\DefDechet">
      <UniqueIdentifier>{e18c21f8-325c-457b-a252-4e1fd27f21c7}</UniqueIdentifier>
    </Filter>
    <Filter Include="Fichiers sources\DefDechet">
      <UniqueIdentifier>{13c86d8a-8cb1-408f-9d17-b781fd2c44f5}</UniqueIdentifier>
    </Filter>
  </ItemGroup>
  <ItemGroup>
    <ClCompile Include="Main.cpp">
      <Filter>Fichiers sources</Filter>
    </ClCompile>
    <ClCompile Include="Dechet.cpp">
      <Filter>Fichiers sources</Filter>
    </ClCompile>
    <ClCompile Include="Camion.cpp">
      <Filter>Fichiers sources</Filter>
    </ClCompile>
    <ClCompile Include="UQAC.cpp">
      <Filter>Fichiers sources</Filter>
    </ClCompile>
    <ClCompile Include="UsineTraitement.cpp">
      <Filter>Fichiers sources</Filter>
    </ClCompile>
    <ClCompile Include="Devoir.cpp">
      <Filter>Fichiers sources</Filter>
    </ClCompile>
    <ClCompile Include="chargementDechet.cpp">
      <Filter>Fichiers sources</Filter>
    </ClCompile>
    <ClCompile Include="AssietteJetable.cpp">
      <Filter>Fichiers sources\DefDechet</Filter>
    </ClCompile>
    <ClCompile Include="Bardeau.cpp">
      <Filter>Fichiers sources\DefDechet</Filter>
    </ClCompile>
    <ClCompile Include="Bouffe.cpp">
      <Filter>Fichiers sources\DefDechet</Filter>
    </ClCompile>
    <ClCompile Include="Bouteille.cpp">
      <Filter>Fichiers sources\DefDechet</Filter>
    </ClCompile>
    <ClCompile Include="Bureau.cpp">
      <Filter>Fichiers sources\DefDechet</Filter>
    </ClCompile>
    <ClCompile Include="Canette.cpp">
      <Filter>Fichiers sources\DefDechet</Filter>
    </ClCompile>
    <ClCompile Include="Ustensile.cpp">
      <Filter>Fichiers sources\DefDechet</Filter>
    </ClCompile>
    <ClCompile Include="ReveEleve.cpp">
      <Filter>Fichiers sources\DefDechet</Filter>
    </ClCompile>
    <ClCompile Include="Plante.cpp">
      <Filter>Fichiers sources\DefDechet</Filter>
    </ClCompile>
    <ClCompile Include="PancarteElectorale.cpp">
      <Filter>Fichiers sources\DefDechet</Filter>
    </ClCompile>
  </ItemGroup>
  <ItemGroup>
    <ClInclude Include="Dechet.h">
      <Filter>Fichiers d%27en-tête</Filter>
    </ClInclude>
    <ClInclude Include="Camion.h">
      <Filter>Fichiers d%27en-tête</Filter>
    </ClInclude>
    <ClInclude Include="UQAC.h">
      <Filter>Fichiers d%27en-tête</Filter>
    </ClInclude>
    <ClInclude Include="UsineTraitement.h">
      <Filter>Fichiers d%27en-tête</Filter>
    </ClInclude>
    <ClInclude Include="Devoir.h">
      <Filter>Fichiers d%27en-tête</Filter>
    </ClInclude>
    <ClInclude Include="chargementDechet.h">
      <Filter>Fichiers d%27en-tête</Filter>
    </ClInclude>
    <ClInclude Include="PancarteElectorale.h">
      <Filter>Fichiers d%27en-tête\DefDechet</Filter>
    </ClInclude>
    <ClInclude Include="AssietteJetable.h">
      <Filter>Fichiers d%27en-tête\DefDechet</Filter>
    </ClInclude>
    <ClInclude Include="Bardeau.h">
      <Filter>Fichiers d%27en-tête\DefDechet</Filter>
    </ClInclude>
    <ClInclude Include="Bouffe.h">
      <Filter>Fichiers d%27en-tête\DefDechet</Filter>
    </ClInclude>
    <ClInclude Include="Bouteille.h">
      <Filter>Fichiers d%27en-tête\DefDechet</Filter>
    </ClInclude>
    <ClInclude Include="Bureau.h">
      <Filter>Fichiers d%27en-tête\DefDechet</Filter>
    </ClInclude>
    <ClInclude Include="Canette.h">
      <Filter>Fichiers d%27en-tête\DefDechet</Filter>
    </ClInclude>
    <ClInclude Include="Plante.h">
      <Filter>Fichiers d%27en-tête\DefDechet</Filter>
    </ClInclude>
    <ClInclude Include="ReveEleve.h">
      <Filter>Fichiers d%27en-tête\DefDechet</Filter>
    </ClInclude>
    <ClInclude Include="Ustensile.h">
      <Filter>Fichiers d%27en-tête\DefDechet</Filter>
    </ClInclude>
  </ItemGroup>
</Project>