<?xml version="1.0" encoding="utf-8"?>
<Project ToolsVersion="4.0" xmlns="http://schemas.microsoft.com/developer/msbuild/2003">
  <ItemGroup>
    <Filter Include="Fichiers sources">
      <UniqueIdentifier>{4FC737F1-C7A5-4376-A066-2A32D752A2FF}</UniqueIdentifier>
      <Extensions>cpp;c;cc;cxx;def;odl;idl;hpj;bat;asm;asmx</Extensions>
    </Filter>
    <Filter Include="Fichiers d%27en-tête">
      <UniqueIdentifier>{93995380-89BD-4b04-88EB-625FBE52EBFB}</UniqueIdentifier>
      <Extensions>h;hh;hpp;hxx;hm;inl;inc;ipp;xsd</Extensions>
    </Filter>
    <Filter Include="Fichiers de ressources">
      <UniqueIdentifier>{67DA6AB6-F800-4c08-8B7A-83BB121AAD01}</UniqueIdentifier>
      <Extensions>rc;ico;cur;bmp;dlg;rc2;rct;bin;rgs;gif;jpg;jpeg;jpe;resx;tiff;tif;png;wav;mfcribbon-ms</Extensions>
    </Filter>
    <Filter Include="Fichiers d%27en-tête\DefDechet">
      <UniqueIdentifier>{e18c21f8-325c-457b-a252-4e1fd27f21c7}</UniqueIdentifier>
    </Filter>
    <Filter Include="Fichiers sources\DefDechet">
      <UniqueIdentifier>{13c86d8a-8cb1-408f-9d17-b781fd2c44f5}</UniqueIdentifier>
    </Filter>
    <Filter Include="Fichiers sources\DefDechetTraite">
      <UniqueIdentifier>{0a542c5f-5cba-4bf2-8c69-7083a69e9d28}</UniqueIdentifier>
    </Filter>
    <Filter Include="Fichiers d%27en-tête\DefDechetTraite">
      <UniqueIdentifier>{18c0ec7f-5795-4d1f-8427-3d0801ffd8c2}</UniqueIdentifier>
    </Filter>
    <Filter Include="Fichiers d%27en-tête\DefCamion">
      <UniqueIdentifier>{4f256f73-e141-4498-912e-a78514e102cb}</UniqueIdentifier>
    </Filter>
    <Filter Include="Fichiers sources\DefCamion">
      <UniqueIdentifier>{2867e438-5547-4e5f-b283-f4ffa8e87148}</UniqueIdentifier>
    </Filter>
    <Filter Include="Fichiers sources\OperationX">
      <UniqueIdentifier>{2d3915c5-32c4-4bb6-b8b4-ed222fcdf6ed}</UniqueIdentifier>
    </Filter>
    <Filter Include="Fichiers d%27en-tête\OperationX">
      <UniqueIdentifier>{61f07651-2234-4a34-80b3-27fb140faf04}</UniqueIdentifier>
    </Filter>
    <Filter Include="Fichiers sources\DefOperationTraitement">
      <UniqueIdentifier>{6d324320-6155-459e-9ff8-86e8d18bcf16}</UniqueIdentifier>
    </Filter>
    <Filter Include="Fichiers d%27en-tête\DefOperationTraitement">
      <UniqueIdentifier>{2fc4a2d1-9c49-4d17-9455-8aac1bdd783c}</UniqueIdentifier>
    </Filter>
  </ItemGroup>
  <ItemGroup>
    <ClCompile Include="Main.cpp">
      <Filter>Fichiers sources</Filter>
    </ClCompile>
    <ClCompile Include="Dechet.cpp">
      <Filter>Fichiers sources</Filter>
    </ClCompile>
    <ClCompile Include="Camion.cpp">
      <Filter>Fichiers sources</Filter>
    </ClCompile>
    <ClCompile Include="UQAC.cpp">
      <Filter>Fichiers sources</Filter>
    </ClCompile>
    <ClCompile Include="UsineTraitement.cpp">
      <Filter>Fichiers sources</Filter>
    </ClCompile>
    <ClCompile Include="chargementDechet.cpp">
      <Filter>Fichiers sources</Filter>
    </ClCompile>
    <ClCompile Include="AssietteJetable.cpp">
      <Filter>Fichiers sources\DefDechet</Filter>
    </ClCompile>
    <ClCompile Include="Bardeau.cpp">
      <Filter>Fichiers sources\DefDechet</Filter>
    </ClCompile>
    <ClCompile Include="Bouffe.cpp">
      <Filter>Fichiers sources\DefDechet</Filter>
    </ClCompile>
    <ClCompile Include="Bouteille.cpp">
      <Filter>Fichiers sources\DefDechet</Filter>
    </ClCompile>
    <ClCompile Include="Bureau.cpp">
      <Filter>Fichiers sources\DefDechet</Filter>
    </ClCompile>
    <ClCompile Include="Canette.cpp">
      <Filter>Fichiers sources\DefDechet</Filter>
    </ClCompile>
    <ClCompile Include="Ustensile.cpp">
      <Filter>Fichiers sources\DefDechet</Filter>
    </ClCompile>
    <ClCompile Include="ReveEleve.cpp">
      <Filter>Fichiers sources\DefDechet</Filter>
    </ClCompile>
    <ClCompile Include="Plante.cpp">
      <Filter>Fichiers sources\DefDechet</Filter>
    </ClCompile>
    <ClCompile Include="PancarteElectorale.cpp">
      <Filter>Fichiers sources\DefDechet</Filter>
    </ClCompile>
    <ClCompile Include="Devoir.cpp">
      <Filter>Fichiers sources\DefDechet</Filter>
    </ClCompile>
    <ClCompile Include="DechetTraite.cpp">
      <Filter>Fichiers sources</Filter>
    </ClCompile>
    <ClCompile Include="DechetTraiteRecyclabe.cpp">
      <Filter>Fichiers sources\DefDechetTraite</Filter>
    </ClCompile>
    <ClCompile Include="DechetTraiteNonRecyclabe.cpp">
      <Filter>Fichiers sources\DefDechetTraite</Filter>
    </ClCompile>
    <ClCompile Include="DechetTraiteCompostable.cpp">
      <Filter>Fichiers sources\DefDechetTraite</Filter>
    </ClCompile>
    <ClCompile Include="CamionBleu.cpp">
      <Filter>Fichiers sources\DefCamion</Filter>
    </ClCompile>
    <ClCompile Include="CamionBrun.cpp">
      <Filter>Fichiers sources\DefCamion</Filter>
    </ClCompile>
    <ClCompile Include="CamionVert.cpp">
      <Filter>Fichiers sources\DefCamion</Filter>
    </ClCompile>
    <ClCompile Include="Depot.cpp">
      <Filter>Fichiers sources</Filter>
    </ClCompile>
    <ClCompile Include="Operation.cpp">
      <Filter>Fichiers sources</Filter>
    </ClCompile>
    <ClCompile Include="Operation6.cpp">
      <Filter>Fichiers sources\OperationX</Filter>
    </ClCompile>
    <ClCompile Include="Operation1.cpp">
      <Filter>Fichiers sources\OperationX</Filter>
    </ClCompile>
    <ClCompile Include="Operation2.cpp">
      <Filter>Fichiers sources\OperationX</Filter>
    </ClCompile>
    <ClCompile Include="Operation3.cpp">
      <Filter>Fichiers sources\OperationX</Filter>
    </ClCompile>
    <ClCompile Include="Operation4.cpp">
      <Filter>Fichiers sources\OperationX</Filter>
    </ClCompile>
    <ClCompile Include="Operation5.cpp">
      <Filter>Fichiers sources\OperationX</Filter>
    </ClCompile>
    <ClCompile Include="OperationTraitement.cpp">
      <Filter>Fichiers sources</Filter>
    </ClCompile>
    <ClCompile Include="CreationDTC.cpp">
      <Filter>Fichiers sources\DefOperationTraitement</Filter>
    </ClCompile>
    <ClCompile Include="CreationDTNR.cpp">
      <Filter>Fichiers sources\DefOperationTraitement</Filter>
    </ClCompile>
    <ClCompile Include="CreationDTR.cpp">
      <Filter>Fichiers sources\DefOperationTraitement</Filter>
    </ClCompile>
    <ClCompile Include="GenerateurSeqOperation.cpp">
      <Filter>Fichiers sources</Filter>
    </ClCompile>
    <ClCompile Include="SequenceOperation.cpp">
      <Filter>Fichiers sources</Filter>
    </ClCompile>
    <ClCompile Include="Compteur.cpp">
      <Filter>Fichiers sources</Filter>
    </ClCompile>
  </ItemGroup>
  <ItemGroup>
    <ClInclude Include="Dechet.h">
      <Filter>Fichiers d%27en-tête</Filter>
    </ClInclude>
    <ClInclude Include="Camion.h">
      <Filter>Fichiers d%27en-tête</Filter>
    </ClInclude>
    <ClInclude Include="UQAC.h">
      <Filter>Fichiers d%27en-tête</Filter>
    </ClInclude>
    <ClInclude Include="UsineTraitement.h">
      <Filter>Fichiers d%27en-tête</Filter>
    </ClInclude>
    <ClInclude Include="chargementDechet.h">
      <Filter>Fichiers d%27en-tête</Filter>
    </ClInclude>
    <ClInclude Include="PancarteElectorale.h">
      <Filter>Fichiers d%27en-tête\DefDechet</Filter>
    </ClInclude>
    <ClInclude Include="AssietteJetable.h">
      <Filter>Fichiers d%27en-tête\DefDechet</Filter>
    </ClInclude>
    <ClInclude Include="Bardeau.h">
      <Filter>Fichiers d%27en-tête\DefDechet</Filter>
    </ClInclude>
    <ClInclude Include="Bouffe.h">
      <Filter>Fichiers d%27en-tête\DefDechet</Filter>
    </ClInclude>
    <ClInclude Include="Bouteille.h">
      <Filter>Fichiers d%27en-tête\DefDechet</Filter>
    </ClInclude>
    <ClInclude Include="Bureau.h">
      <Filter>Fichiers d%27en-tête\DefDechet</Filter>
    </ClInclude>
    <ClInclude Include="Canette.h">
      <Filter>Fichiers d%27en-tête\DefDechet</Filter>
    </ClInclude>
    <ClInclude Include="Plante.h">
      <Filter>Fichiers d%27en-tête\DefDechet</Filter>
    </ClInclude>
    <ClInclude Include="ReveEleve.h">
      <Filter>Fichiers d%27en-tête\DefDechet</Filter>
    </ClInclude>
    <ClInclude Include="Ustensile.h">
      <Filter>Fichiers d%27en-tête\DefDechet</Filter>
    </ClInclude>
    <ClInclude Include="Devoir.h">
      <Filter>Fichiers d%27en-tête\DefDechet</Filter>
    </ClInclude>
    <ClInclude Include="DechetTraite.h">
      <Filter>Fichiers d%27en-tête</Filter>
    </ClInclude>
    <ClInclude Include="DechetTraiteRecyclabe.h">
      <Filter>Fichiers d%27en-tête\DefDechetTraite</Filter>
    </ClInclude>
    <ClInclude Include="DechetTraiteNonRecyclabe.h">
      <Filter>Fichiers d%27en-tête\DefDechetTraite</Filter>
    </ClInclude>
    <ClInclude Include="DechetTraiteCompostable.h">
      <Filter>Fichiers d%27en-tête\DefDechetTraite</Filter>
    </ClInclude>
    <ClInclude Include="CamionBleu.h">
      <Filter>Fichiers d%27en-tête\DefCamion</Filter>
    </ClInclude>
    <ClInclude Include="CamionBrun.h">
      <Filter>Fichiers d%27en-tête\DefCamion</Filter>
    </ClInclude>
    <ClInclude Include="CamionVert.h">
      <Filter>Fichiers d%27en-tête\DefCamion</Filter>
    </ClInclude>
    <ClInclude Include="Depot.h">
      <Filter>Fichiers d%27en-tête</Filter>
    </ClInclude>
    <ClInclude Include="Operation.h">
      <Filter>Fichiers d%27en-tête</Filter>
    </ClInclude>
    <ClInclude Include="Operation6.h">
      <Filter>Fichiers d%27en-tête\OperationX</Filter>
    </ClInclude>
    <ClInclude Include="Operation1.h">
      <Filter>Fichiers d%27en-tête\OperationX</Filter>
    </ClInclude>
    <ClInclude Include="Operation2.h">
      <Filter>Fichiers d%27en-tête\OperationX</Filter>
    </ClInclude>
    <ClInclude Include="Operation3.h">
      <Filter>Fichiers d%27en-tête\OperationX</Filter>
    </ClInclude>
    <ClInclude Include="Operation4.h">
      <Filter>Fichiers d%27en-tête\OperationX</Filter>
    </ClInclude>
    <ClInclude Include="Operation5.h">
      <Filter>Fichiers d%27en-tête\OperationX</Filter>
    </ClInclude>
    <ClInclude Include="OperationTraitement.h">
      <Filter>Fichiers d%27en-tête</Filter>
    </ClInclude>
    <ClInclude Include="CreationDTC.h">
      <Filter>Fichiers d%27en-tête\DefOperationTraitement</Filter>
    </ClInclude>
    <ClInclude Include="CreationDTNR.h">
      <Filter>Fichiers d%27en-tête\DefOperationTraitement</Filter>
    </ClInclude>
    <ClInclude Include="CreationDTR.h">
      <Filter>Fichiers d%27en-tête\DefOperationTraitement</Filter>
    </ClInclude>
    <ClInclude Include="GenerateurSeqOperation.h">
      <Filter>Fichiers d%27en-tête</Filter>
    </ClInclude>
    <ClInclude Include="SequenceOperation.h">
      <Filter>Fichiers d%27en-tête</Filter>
    </ClInclude>
    <ClInclude Include="Compteur.h">
      <Filter>Fichiers d%27en-tête</Filter>
    </ClInclude>
  </ItemGroup>
</Project>