
Microsoft Visual Studio Solution File, Format Version 12.00
# Visual Studio 15
VisualStudioVersion = 15.0.28010.2050
MinimumVisualStudioVersion = 10.0.40219.1
Project("{F2A71F9B-5D33-465A-A702-920D77279786}") = "monSharp", "monSharp\monSharp.fsproj", "{C9168554-4A1B-49AB-B3E9-CE5682422ED9}"
EndProject
Global
	GlobalSection(SolutionConfigurationPlatforms) = preSolution
		Debug|Any CPU = Debug|Any CPU
		Release|Any CPU = Release|Any CPU
	EndGlobalSection
	GlobalSection(ProjectConfigurationPlatforms) = postSolution
		{C9168554-4A1B-49AB-B3E9-CE5682422ED9}.Debug|Any CPU.ActiveCfg = Debug|Any CPU
		{C9168554-4A1B-49AB-B3E9-CE5682422ED9}.Debug|Any CPU.Build.0 = Debug|Any CPU
		{C9168554-4A1B-49AB-B3E9-CE5682422ED9}.Release|Any CPU.ActiveCfg = Release|Any CPU
		{C9168554-4A1B-49AB-B3E9-CE5682422ED9}.Release|Any CPU.Build.0 = Release|Any CPU
	EndGlobalSection
	GlobalSection(SolutionProperties) = preSolution
		HideSolutionNode = FALSE
	EndGlobalSection
	GlobalSection(ExtensibilityGlobals) = postSolution
		SolutionGuid = {66DF68F8-1469-4EB8-B63E-87228EEA41E7}
	EndGlobalSection
EndGlobal
